// !$*UTF8*$!
{
	archiveVersion = 1;
	classes = {
	};
	objectVersion = 46;
	objects = {

/* Begin PBXBuildFile section */
		1A4EAE472027AE5B00936BE7 /* main.swift in Sources */ = {isa = PBXBuildFile; fileRef = 1A4EAE462027AE5B00936BE7 /* main.swift */; };
		1A4EAE4F2027AE9B00936BE7 /* Shrink.swift in Sources */ = {isa = PBXBuildFile; fileRef = 1A4EAE4E2027AE9B00936BE7 /* Shrink.swift */; };
		1A4EAE522027AED300936BE7 /* StringCommandLineColorExtension.swift in Sources */ = {isa = PBXBuildFile; fileRef = 1A4EAE512027AED300936BE7 /* StringCommandLineColorExtension.swift */; };
/* End PBXBuildFile section */

/* Begin PBXCopyFilesBuildPhase section */
		1A4EAE412027AE5B00936BE7 /* CopyFiles */ = {
			isa = PBXCopyFilesBuildPhase;
			buildActionMask = 2147483647;
			dstPath = /usr/share/man/man1/;
			dstSubfolderSpec = 0;
			files = (
			);
			runOnlyForDeploymentPostprocessing = 1;
		};
/* End PBXCopyFilesBuildPhase section */

/* Begin PBXFileReference section */
		1A4EAE432027AE5B00936BE7 /* QuantumProgrammingTutorial */ = {isa = PBXFileReference; explicitFileType = "compiled.mach-o.executable"; includeInIndex = 0; path = QuantumProgrammingTutorial; sourceTree = BUILT_PRODUCTS_DIR; };
		1A4EAE462027AE5B00936BE7 /* main.swift */ = {isa = PBXFileReference; lastKnownFileType = sourcecode.swift; path = main.swift; sourceTree = "<group>"; };
		1A4EAE4E2027AE9B00936BE7 /* Shrink.swift */ = {isa = PBXFileReference; fileEncoding = 4; lastKnownFileType = sourcecode.swift; path = Shrink.swift; sourceTree = "<group>"; };
		1A4EAE512027AED300936BE7 /* StringCommandLineColorExtension.swift */ = {isa = PBXFileReference; fileEncoding = 4; lastKnownFileType = sourcecode.swift; path = StringCommandLineColorExtension.swift; sourceTree = "<group>"; };
/* End PBXFileReference section */

/* Begin PBXFrameworksBuildPhase section */
		1A4EAE402027AE5B00936BE7 /* Frameworks */ = {
			isa = PBXFrameworksBuildPhase;
			buildActionMask = 2147483647;
			files = (
			);
			runOnlyForDeploymentPostprocessing = 0;
		};
/* End PBXFrameworksBuildPhase section */

/* Begin PBXGroup section */
		1A4EAE3A2027AE5B00936BE7 = {
			isa = PBXGroup;
			children = (
				1A4EAE452027AE5B00936BE7 /* Hello Quantum */,
				1A4EAE442027AE5B00936BE7 /* Products */,
			);
			sourceTree = "<group>";
		};
		1A4EAE442027AE5B00936BE7 /* Products */ = {
			isa = PBXGroup;
			children = (
				1A4EAE432027AE5B00936BE7 /* QuantumProgrammingTutorial */,
			);
			name = Products;
			sourceTree = "<group>";
		};
		1A4EAE452027AE5B00936BE7 /* Hello Quantum */ = {
			isa = PBXGroup;
			children = (
				1A4EAE502027AEB800936BE7 /* Extensions */,
				1A4EAE4D2027AE8700936BE7 /* levels */,
				1A4EAE462027AE5B00936BE7 /* main.swift */,
			);
			path = "Hello Quantum";
			sourceTree = "<group>";
		};
		1A4EAE4D2027AE8700936BE7 /* levels */ = {
			isa = PBXGroup;
			children = (
				1A4EAE4E2027AE9B00936BE7 /* Shrink.swift */,
			);
			name = levels;
			sourceTree = "<group>";
		};
		1A4EAE502027AEB800936BE7 /* Extensions */ = {
			isa = PBXGroup;
			children = (
				1A4EAE512027AED300936BE7 /* StringCommandLineColorExtension.swift */,
			);
			name = Extensions;
			sourceTree = "<group>";
		};
/* End PBXGroup section */

/* Begin PBXNativeTarget section */
		1A4EAE422027AE5B00936BE7 /* QuantumProgrammingTutorial */ = {
			isa = PBXNativeTarget;
			buildConfigurationList = 1A4EAE4A2027AE5B00936BE7 /* Build configuration list for PBXNativeTarget "QuantumProgrammingTutorial" */;
			buildPhases = (
				1A4EAE3F2027AE5B00936BE7 /* Sources */,
				1A4EAE402027AE5B00936BE7 /* Frameworks */,
				1A4EAE412027AE5B00936BE7 /* CopyFiles */,
			);
			buildRules = (
			);
			dependencies = (
			);
			name = QuantumProgrammingTutorial;
			productName = "Hello Quantum";
			productReference = 1A4EAE432027AE5B00936BE7 /* QuantumProgrammingTutorial */;
			productType = "com.apple.product-type.tool";
		};
/* End PBXNativeTarget section */

/* Begin PBXProject section */
		1A4EAE3B2027AE5B00936BE7 /* Project object */ = {
			isa = PBXProject;
			attributes = {
				LastSwiftUpdateCheck = 0820;
				LastUpgradeCheck = 0820;
				ORGANIZATIONNAME = "James Wootton";
				TargetAttributes = {
					1A4EAE422027AE5B00936BE7 = {
						CreatedOnToolsVersion = 8.2.1;
						DevelopmentTeam = PH83KQ9CTR;
						ProvisioningStyle = Automatic;
					};
				};
			};
			buildConfigurationList = 1A4EAE3E2027AE5B00936BE7 /* Build configuration list for PBXProject "QuantumProgrammingTutorial" */;
			compatibilityVersion = "Xcode 3.2";
			developmentRegion = English;
			hasScannedForEncodings = 0;
			knownRegions = (
				en,
			);
			mainGroup = 1A4EAE3A2027AE5B00936BE7;
			productRefGroup = 1A4EAE442027AE5B00936BE7 /* Products */;
			projectDirPath = "";
			projectRoot = "";
			targets = (
				1A4EAE422027AE5B00936BE7 /* QuantumProgrammingTutorial */,
			);
		};
/* End PBXProject section */

/* Begin PBXSourcesBuildPhase section */
		1A4EAE3F2027AE5B00936BE7 /* Sources */ = {
			isa = PBXSourcesBuildPhase;
			buildActionMask = 2147483647;
			files = (
				1A4EAE4F2027AE9B00936BE7 /* Shrink.swift in Sources */,
				1A4EAE472027AE5B00936BE7 /* main.swift in Sources */,
				1A4EAE522027AED300936BE7 /* StringCommandLineColorExtension.swift in Sources */,
			);
			runOnlyForDeploymentPostprocessing = 0;
		};
/* End PBXSourcesBuildPhase section */

/* Begin XCBuildConfiguration section */
		1A4EAE482027AE5B00936BE7 /* Debug */ = {
			isa = XCBuildConfiguration;
			buildSettings = {
				ALWAYS_SEARCH_USER_PATHS = NO;
				CLANG_ANALYZER_NONNULL = YES;
				CLANG_CXX_LANGUAGE_STANDARD = "gnu++0x";
				CLANG_CXX_LIBRARY = "libc++";
				CLANG_ENABLE_MODULES = YES;
				CLANG_ENABLE_OBJC_ARC = YES;
				CLANG_WARN_BOOL_CONVERSION = YES;
				CLANG_WARN_CONSTANT_CONVERSION = YES;
				CLANG_WARN_DIRECT_OBJC_ISA_USAGE = YES_ERROR;
				CLANG_WARN_DOCUMENTATION_COMMENTS = YES;
				CLANG_WARN_EMPTY_BODY = YES;
				CLANG_WARN_ENUM_CONVERSION = YES;
				CLANG_WARN_INFINITE_RECURSION = YES;
				CLANG_WARN_INT_CONVERSION = YES;
				CLANG_WARN_OBJC_ROOT_CLASS = YES_ERROR;
				CLANG_WARN_SUSPICIOUS_MOVE = YES;
				CLANG_WARN_UNREACHABLE_CODE = YES;
				CLANG_WARN__DUPLICATE_METHOD_MATCH = YES;
				CODE_SIGN_IDENTITY = "-";
				COPY_PHASE_STRIP = NO;
				DEBUG_INFORMATION_FORMAT = dwarf;
				ENABLE_STRICT_OBJC_MSGSEND = YES;
				ENABLE_TESTABILITY = YES;
				GCC_C_LANGUAGE_STANDARD = gnu99;
				GCC_DYNAMIC_NO_PIC = NO;
				GCC_NO_COMMON_BLOCKS = YES;
				GCC_OPTIMIZATION_LEVEL = 0;
				GCC_PREPROCESSOR_DEFINITIONS = (
					"DEBUG=1",
					"$(inherited)",
				);
				GCC_WARN_64_TO_32_BIT_CONVERSION = YES;
				GCC_WARN_ABOUT_RETURN_TYPE = YES_ERROR;
				GCC_WARN_UNDECLARED_SELECTOR = YES;
				GCC_WARN_UNINITIALIZED_AUTOS = YES_AGGRESSIVE;
				GCC_WARN_UNUSED_FUNCTION = YES;
				GCC_WARN_UNUSED_VARIABLE = YES;
				MACOSX_DEPLOYMENT_TARGET = 10.11;
				MTL_ENABLE_DEBUG_INFO = YES;
				ONLY_ACTIVE_ARCH = NO;
				SDKROOT = macosx;
				SWIFT_OPTIMIZATION_LEVEL = "-Onone";
			};
			name = Debug;
		};
		1A4EAE492027AE5B00936BE7 /* Release */ = {
			isa = XCBuildConfiguration;
			buildSettings = {
				ALWAYS_SEARCH_USER_PATHS = NO;
				CLANG_ANALYZER_NONNULL = YES;
				CLANG_CXX_LANGUAGE_STANDARD = "gnu++0x";
				CLANG_CXX_LIBRARY = "libc++";
				CLANG_ENABLE_MODULES = YES;
				CLANG_ENABLE_OBJC_ARC = YES;
				CLANG_WARN_BOOL_CONVERSION = YES;
				CLANG_WARN_CONSTANT_CONVERSION = YES;
				CLANG_WARN_DIRECT_OBJC_ISA_USAGE = YES_ERROR;
				CLANG_WARN_DOCUMENTATION_COMMENTS = YES;
				CLANG_WARN_EMPTY_BODY = YES;
				CLANG_WARN_ENUM_CONVERSION = YES;
				CLANG_WARN_INFINITE_RECURSION = YES;
				CLANG_WARN_INT_CONVERSION = YES;
				CLANG_WARN_OBJC_ROOT_CLASS = YES_ERROR;
				CLANG_WARN_SUSPICIOUS_MOVE = YES;
				CLANG_WARN_UNREACHABLE_CODE = YES;
				CLANG_WARN__DUPLICATE_METHOD_MATCH = YES;
				CODE_SIGN_IDENTITY = "-";
				COPY_PHASE_STRIP = NO;
				DEBUG_INFORMATION_FORMAT = "dwarf-with-dsym";
				ENABLE_NS_ASSERTIONS = NO;
				ENABLE_STRICT_OBJC_MSGSEND = YES;
				GCC_C_LANGUAGE_STANDARD = gnu99;
				GCC_NO_COMMON_BLOCKS = YES;
				GCC_WARN_64_TO_32_BIT_CONVERSION = YES;
				GCC_WARN_ABOUT_RETURN_TYPE = YES_ERROR;
				GCC_WARN_UNDECLARED_SELECTOR = YES;
				GCC_WARN_UNINITIALIZED_AUTOS = YES_AGGRESSIVE;
				GCC_WARN_UNUSED_FUNCTION = YES;
				GCC_WARN_UNUSED_VARIABLE = YES;
				MACOSX_DEPLOYMENT_TARGET = 10.11;
				MTL_ENABLE_DEBUG_INFO = NO;
				ONLY_ACTIVE_ARCH = YES;
				SDKROOT = macosx;
			};
			name = Release;
		};
		1A4EAE4B2027AE5B00936BE7 /* Debug */ = {
			isa = XCBuildConfiguration;
			buildSettings = {
				CODE_SIGN_IDENTITY = "Mac Developer";
				DEVELOPMENT_TEAM = PH83KQ9CTR;
				PRODUCT_NAME = "$(TARGET_NAME)";
				SWIFT_VERSION = 3.0;
			};
			name = Debug;
		};
		1A4EAE4C2027AE5B00936BE7 /* Release */ = {
			isa = XCBuildConfiguration;
			buildSettings = {
				CODE_SIGN_IDENTITY = "Mac Developer";
				DEVELOPMENT_TEAM = PH83KQ9CTR;
				ONLY_ACTIVE_ARCH = YES;
				PRODUCT_NAME = "$(TARGET_NAME)";
				SWIFT_VERSION = 3.0;
			};
			name = Release;
		};
/* End XCBuildConfiguration section */

/* Begin XCConfigurationList section */
		1A4EAE3E2027AE5B00936BE7 /* Build configuration list for PBXProject "QuantumProgrammingTutorial" */ = {
			isa = XCConfigurationList;
			buildConfigurations = (
				1A4EAE482027AE5B00936BE7 /* Debug */,
				1A4EAE492027AE5B00936BE7 /* Release */,
			);
			defaultConfigurationIsVisible = 0;
			defaultConfigurationName = Release;
		};
		1A4EAE4A2027AE5B00936BE7 /* Build configuration list for PBXNativeTarget "QuantumProgrammingTutorial" */ = {
			isa = XCConfigurationList;
			buildConfigurations = (
				1A4EAE4B2027AE5B00936BE7 /* Debug */,
				1A4EAE4C2027AE5B00936BE7 /* Release */,
			);
			defaultConfigurationIsVisible = 0;
		};
/* End XCConfigurationList section */
	};
	rootObject = 1A4EAE3B2027AE5B00936BE7 /* Project object */;
}
